
Microsoft Visual Studio Solution File, Format Version 12.00
# Visual Studio 14
VisualStudioVersion = 14.0.25420.1
MinimumVisualStudioVersion = 10.0.40219.1
Project("{FAE04EC0-301F-11D3-BF4B-00C04F79EFBC}") = "GxjtBHMS.Tests.ControllerTests", "GxjtBHMS.Tests\GxjtBHMS.Tests.ControllerTests.csproj", "{36DB7802-FCB5-40D2-BFFD-AB4F73275CCD}"
EndProject
Project("{FAE04EC0-301F-11D3-BF4B-00C04F79EFBC}") = "GxjtBHMS.Service", "GxjtBHMS.Service\GxjtBHMS.Service.csproj", "{4EAD21BF-1CC9-4328-8C1D-A633DD61C653}"
EndProject
Project("{FAE04EC0-301F-11D3-BF4B-00C04F79EFBC}") = "GxjtBHMS.IDAL", "GxjtBHMS.IDAL\GxjtBHMS.IDAL.csproj", "{73D55EF6-A4EA-4F09-A5A6-BBD40C07CDB1}"
EndProject
Project("{FAE04EC0-301F-11D3-BF4B-00C04F79EFBC}") = "GxjtBHMS.SqlServerDAL", "GxjtBHMS.SqlServerDAL\GxjtBHMS.SqlServerDAL.csproj", "{53DFE27C-54C8-40D5-96FA-86C5244E0B8F}"
EndProject
Project("{FAE04EC0-301F-11D3-BF4B-00C04F79EFBC}") = "GxjtBHMS.Infrastructure", "GxjtBHMS.Infrastructure\GxjtBHMS.Infrastructure.csproj", "{034A8F2B-54A4-4C49-8930-C3D064B132F7}"
EndProject
Project("{FAE04EC0-301F-11D3-BF4B-00C04F79EFBC}") = "GxjtBHMS.Models", "GxjtBHMS.Models\GxjtBHMS.Models.csproj", "{529BA514-8969-4ABB-815C-B55F1F3CB2C1}"
EndProject
Project("{FAE04EC0-301F-11D3-BF4B-00C04F79EFBC}") = "GxjtBHMS.Tests.UnitTests", "GxjtBHMS.Tests.UnitTests\GxjtBHMS.Tests.UnitTests.csproj", "{ABA62B4B-5BE3-4343-8956-6E2C495F1539}"
EndProject
Project("{FAE04EC0-301F-11D3-BF4B-00C04F79EFBC}") = "GxjtBHMS.Tests.IntegrationTests", "GxjtBHMS.Tests.IntegrationTests\GxjtBHMS.Tests.IntegrationTests.csproj", "{A50B67DB-1BE0-4677-A40B-B62C247AD845}"
EndProject
Project("{FAE04EC0-301F-11D3-BF4B-00C04F79EFBC}") = "GxjtBHMS.Web", "GxjtBHMS.Web\GxjtBHMS.Web.csproj", "{B5B5A536-6D2C-4EEA-96FF-43BC2D2EDFFF}"
EndProject
Project("{FAE04EC0-301F-11D3-BF4B-00C04F79EFBC}") = "GxjtBHMS.DependencyInjection", "GxjtBHMS.DependencyInjection\GxjtBHMS.DependencyInjection.csproj", "{483EBFB6-9E8E-46B1-BE8E-F170AD0C541E}"
EndProject
Global
	GlobalSection(SolutionConfigurationPlatforms) = preSolution
		Debug|Any CPU = Debug|Any CPU
		Release|Any CPU = Release|Any CPU
	EndGlobalSection
	GlobalSection(ProjectConfigurationPlatforms) = postSolution
		{36DB7802-FCB5-40D2-BFFD-AB4F73275CCD}.Debug|Any CPU.ActiveCfg = Debug|Any CPU
		{36DB7802-FCB5-40D2-BFFD-AB4F73275CCD}.Debug|Any CPU.Build.0 = Debug|Any CPU
		{36DB7802-FCB5-40D2-BFFD-AB4F73275CCD}.Release|Any CPU.ActiveCfg = Release|Any CPU
		{36DB7802-FCB5-40D2-BFFD-AB4F73275CCD}.Release|Any CPU.Build.0 = Release|Any CPU
		{4EAD21BF-1CC9-4328-8C1D-A633DD61C653}.Debug|Any CPU.ActiveCfg = Debug|Any CPU
		{4EAD21BF-1CC9-4328-8C1D-A633DD61C653}.Debug|Any CPU.Build.0 = Debug|Any CPU
		{4EAD21BF-1CC9-4328-8C1D-A633DD61C653}.Release|Any CPU.ActiveCfg = Release|Any CPU
		{4EAD21BF-1CC9-4328-8C1D-A633DD61C653}.Release|Any CPU.Build.0 = Release|Any CPU
		{73D55EF6-A4EA-4F09-A5A6-BBD40C07CDB1}.Debug|Any CPU.ActiveCfg = Debug|Any CPU
		{73D55EF6-A4EA-4F09-A5A6-BBD40C07CDB1}.Debug|Any CPU.Build.0 = Debug|Any CPU
		{73D55EF6-A4EA-4F09-A5A6-BBD40C07CDB1}.Release|Any CPU.ActiveCfg = Release|Any CPU
		{73D55EF6-A4EA-4F09-A5A6-BBD40C07CDB1}.Release|Any CPU.Build.0 = Release|Any CPU
		{53DFE27C-54C8-40D5-96FA-86C5244E0B8F}.Debug|Any CPU.ActiveCfg = Debug|Any CPU
		{53DFE27C-54C8-40D5-96FA-86C5244E0B8F}.Debug|Any CPU.Build.0 = Debug|Any CPU
		{53DFE27C-54C8-40D5-96FA-86C5244E0B8F}.Release|Any CPU.ActiveCfg = Release|Any CPU
		{53DFE27C-54C8-40D5-96FA-86C5244E0B8F}.Release|Any CPU.Build.0 = Release|Any CPU
		{034A8F2B-54A4-4C49-8930-C3D064B132F7}.Debug|Any CPU.ActiveCfg = Debug|Any CPU
		{034A8F2B-54A4-4C49-8930-C3D064B132F7}.Debug|Any CPU.Build.0 = Debug|Any CPU
		{034A8F2B-54A4-4C49-8930-C3D064B132F7}.Release|Any CPU.ActiveCfg = Release|Any CPU
		{034A8F2B-54A4-4C49-8930-C3D064B132F7}.Release|Any CPU.Build.0 = Release|Any CPU
		{529BA514-8969-4ABB-815C-B55F1F3CB2C1}.Debug|Any CPU.ActiveCfg = Debug|Any CPU
		{529BA514-8969-4ABB-815C-B55F1F3CB2C1}.Debug|Any CPU.Build.0 = Debug|Any CPU
		{529BA514-8969-4ABB-815C-B55F1F3CB2C1}.Release|Any CPU.ActiveCfg = Release|Any CPU
		{529BA514-8969-4ABB-815C-B55F1F3CB2C1}.Release|Any CPU.Build.0 = Release|Any CPU
		{ABA62B4B-5BE3-4343-8956-6E2C495F1539}.Debug|Any CPU.ActiveCfg = Debug|Any CPU
		{ABA62B4B-5BE3-4343-8956-6E2C495F1539}.Debug|Any CPU.Build.0 = Debug|Any CPU
		{ABA62B4B-5BE3-4343-8956-6E2C495F1539}.Release|Any CPU.ActiveCfg = Release|Any CPU
		{ABA62B4B-5BE3-4343-8956-6E2C495F1539}.Release|Any CPU.Build.0 = Release|Any CPU
		{A50B67DB-1BE0-4677-A40B-B62C247AD845}.Debug|Any CPU.ActiveCfg = Debug|Any CPU
		{A50B67DB-1BE0-4677-A40B-B62C247AD845}.Debug|Any CPU.Build.0 = Debug|Any CPU
		{A50B67DB-1BE0-4677-A40B-B62C247AD845}.Release|Any CPU.ActiveCfg = Release|Any CPU
		{A50B67DB-1BE0-4677-A40B-B62C247AD845}.Release|Any CPU.Build.0 = Release|Any CPU
		{B5B5A536-6D2C-4EEA-96FF-43BC2D2EDFFF}.Debug|Any CPU.ActiveCfg = Debug|Any CPU
		{B5B5A536-6D2C-4EEA-96FF-43BC2D2EDFFF}.Debug|Any CPU.Build.0 = Debug|Any CPU
		{B5B5A536-6D2C-4EEA-96FF-43BC2D2EDFFF}.Release|Any CPU.ActiveCfg = Release|Any CPU
		{B5B5A536-6D2C-4EEA-96FF-43BC2D2EDFFF}.Release|Any CPU.Build.0 = Release|Any CPU
		{483EBFB6-9E8E-46B1-BE8E-F170AD0C541E}.Debug|Any CPU.ActiveCfg = Debug|Any CPU
		{483EBFB6-9E8E-46B1-BE8E-F170AD0C541E}.Debug|Any CPU.Build.0 = Debug|Any CPU
		{483EBFB6-9E8E-46B1-BE8E-F170AD0C541E}.Release|Any CPU.ActiveCfg = Release|Any CPU
		{483EBFB6-9E8E-46B1-BE8E-F170AD0C541E}.Release|Any CPU.Build.0 = Release|Any CPU
	EndGlobalSection
	GlobalSection(SolutionProperties) = preSolution
		HideSolutionNode = FALSE
	EndGlobalSection
EndGlobal
